// !$*UTF8*$!
{
	archiveVersion = 1;
	classes = {
	};
	objectVersion = 50;
	objects = {

/* Begin PBXBuildFile section */
		16298675229C2563001A5A7C /* AppDelegate.swift in Sources */ = {isa = PBXBuildFile; fileRef = 16298674229C2563001A5A7C /* AppDelegate.swift */; };
		16298677229C2563001A5A7C /* MainVC.swift in Sources */ = {isa = PBXBuildFile; fileRef = 16298676229C2563001A5A7C /* MainVC.swift */; };
		1629867A229C2563001A5A7C /* Main.storyboard in Resources */ = {isa = PBXBuildFile; fileRef = 16298678229C2563001A5A7C /* Main.storyboard */; };
		1629867C229C2566001A5A7C /* Assets.xcassets in Resources */ = {isa = PBXBuildFile; fileRef = 1629867B229C2566001A5A7C /* Assets.xcassets */; };
		1629867F229C2566001A5A7C /* LaunchScreen.storyboard in Resources */ = {isa = PBXBuildFile; fileRef = 1629867D229C2566001A5A7C /* LaunchScreen.storyboard */; };
		1629868A229C2566001A5A7C /* metricConverterAppTests.swift in Sources */ = {isa = PBXBuildFile; fileRef = 16298689229C2566001A5A7C /* metricConverterAppTests.swift */; };
		167C5D6A22AD62CD0005D04F /* MainVC.swift in Sources */ = {isa = PBXBuildFile; fileRef = 16298676229C2563001A5A7C /* MainVC.swift */; };
		16E34E39229C283A006FC0DD /* CustomBtn.swift in Sources */ = {isa = PBXBuildFile; fileRef = 16E34E38229C283A006FC0DD /* CustomBtn.swift */; };
		16E34E3A229C283A006FC0DD /* CustomBtn.swift in Sources */ = {isa = PBXBuildFile; fileRef = 16E34E38229C283A006FC0DD /* CustomBtn.swift */; };
		16E34E3D229C5FAE006FC0DD /* convertVC.swift in Sources */ = {isa = PBXBuildFile; fileRef = 16E34E3C229C5FAE006FC0DD /* convertVC.swift */; };
		16E34E3E229C5FAE006FC0DD /* convertVC.swift in Sources */ = {isa = PBXBuildFile; fileRef = 16E34E3C229C5FAE006FC0DD /* convertVC.swift */; };
		16E34E41229C6760006FC0DD /* userData.swift in Sources */ = {isa = PBXBuildFile; fileRef = 16E34E40229C6760006FC0DD /* userData.swift */; };
		16E34E42229C6760006FC0DD /* userData.swift in Sources */ = {isa = PBXBuildFile; fileRef = 16E34E40229C6760006FC0DD /* userData.swift */; };
		16E34E44229C6CB0006FC0DD /* findVolumeVC.swift in Sources */ = {isa = PBXBuildFile; fileRef = 16E34E43229C6CB0006FC0DD /* findVolumeVC.swift */; };
		16E34E45229C6CB0006FC0DD /* findVolumeVC.swift in Sources */ = {isa = PBXBuildFile; fileRef = 16E34E43229C6CB0006FC0DD /* findVolumeVC.swift */; };
		16E34E47229C6D40006FC0DD /* findAreaVC.swift in Sources */ = {isa = PBXBuildFile; fileRef = 16E34E46229C6D40006FC0DD /* findAreaVC.swift */; };
		16E34E48229C6D40006FC0DD /* findAreaVC.swift in Sources */ = {isa = PBXBuildFile; fileRef = 16E34E46229C6D40006FC0DD /* findAreaVC.swift */; };
		16E34E4A229CBD64006FC0DD /* customPickerView.swift in Sources */ = {isa = PBXBuildFile; fileRef = 16E34E49229CBD64006FC0DD /* customPickerView.swift */; };
		16E34E4B229CBD64006FC0DD /* customPickerView.swift in Sources */ = {isa = PBXBuildFile; fileRef = 16E34E49229CBD64006FC0DD /* customPickerView.swift */; };
		16E34E4D229CBDB8006FC0DD /* customStackView.swift in Sources */ = {isa = PBXBuildFile; fileRef = 16E34E4C229CBDB8006FC0DD /* customStackView.swift */; };
		16E34E4E229CBDB8006FC0DD /* customStackView.swift in Sources */ = {isa = PBXBuildFile; fileRef = 16E34E4C229CBDB8006FC0DD /* customStackView.swift */; };
/* End PBXBuildFile section */

/* Begin PBXContainerItemProxy section */
		16298686229C2566001A5A7C /* PBXContainerItemProxy */ = {
			isa = PBXContainerItemProxy;
			containerPortal = 16298669229C2563001A5A7C /* Project object */;
			proxyType = 1;
			remoteGlobalIDString = 16298670229C2563001A5A7C;
			remoteInfo = metricConverterApp;
		};
/* End PBXContainerItemProxy section */

/* Begin PBXFileReference section */
		16298671229C2563001A5A7C /* metricConverterApp.app */ = {isa = PBXFileReference; explicitFileType = wrapper.application; includeInIndex = 0; path = metricConverterApp.app; sourceTree = BUILT_PRODUCTS_DIR; };
		16298674229C2563001A5A7C /* AppDelegate.swift */ = {isa = PBXFileReference; lastKnownFileType = sourcecode.swift; path = AppDelegate.swift; sourceTree = "<group>"; };
		16298676229C2563001A5A7C /* MainVC.swift */ = {isa = PBXFileReference; lastKnownFileType = sourcecode.swift; path = MainVC.swift; sourceTree = "<group>"; };
		16298679229C2563001A5A7C /* Base */ = {isa = PBXFileReference; lastKnownFileType = file.storyboard; name = Base; path = Base.lproj/Main.storyboard; sourceTree = "<group>"; };
		1629867B229C2566001A5A7C /* Assets.xcassets */ = {isa = PBXFileReference; lastKnownFileType = folder.assetcatalog; path = Assets.xcassets; sourceTree = "<group>"; };
		1629867E229C2566001A5A7C /* Base */ = {isa = PBXFileReference; lastKnownFileType = file.storyboard; name = Base; path = Base.lproj/LaunchScreen.storyboard; sourceTree = "<group>"; };
		16298680229C2566001A5A7C /* Info.plist */ = {isa = PBXFileReference; lastKnownFileType = text.plist.xml; path = Info.plist; sourceTree = "<group>"; };
		16298685229C2566001A5A7C /* metricConverterAppTests.xctest */ = {isa = PBXFileReference; explicitFileType = wrapper.cfbundle; includeInIndex = 0; path = metricConverterAppTests.xctest; sourceTree = BUILT_PRODUCTS_DIR; };
		16298689229C2566001A5A7C /* metricConverterAppTests.swift */ = {isa = PBXFileReference; lastKnownFileType = sourcecode.swift; path = metricConverterAppTests.swift; sourceTree = "<group>"; };
		1629868B229C2566001A5A7C /* Info.plist */ = {isa = PBXFileReference; lastKnownFileType = text.plist.xml; path = Info.plist; sourceTree = "<group>"; };
		16E34E38229C283A006FC0DD /* CustomBtn.swift */ = {isa = PBXFileReference; lastKnownFileType = sourcecode.swift; path = CustomBtn.swift; sourceTree = "<group>"; };
		16E34E3C229C5FAE006FC0DD /* convertVC.swift */ = {isa = PBXFileReference; lastKnownFileType = sourcecode.swift; path = convertVC.swift; sourceTree = "<group>"; };
		16E34E40229C6760006FC0DD /* userData.swift */ = {isa = PBXFileReference; lastKnownFileType = sourcecode.swift; path = userData.swift; sourceTree = "<group>"; };
		16E34E43229C6CB0006FC0DD /* findVolumeVC.swift */ = {isa = PBXFileReference; lastKnownFileType = sourcecode.swift; path = findVolumeVC.swift; sourceTree = "<group>"; };
		16E34E46229C6D40006FC0DD /* findAreaVC.swift */ = {isa = PBXFileReference; lastKnownFileType = sourcecode.swift; path = findAreaVC.swift; sourceTree = "<group>"; };
		16E34E49229CBD64006FC0DD /* customPickerView.swift */ = {isa = PBXFileReference; lastKnownFileType = sourcecode.swift; path = customPickerView.swift; sourceTree = "<group>"; };
		16E34E4C229CBDB8006FC0DD /* customStackView.swift */ = {isa = PBXFileReference; lastKnownFileType = sourcecode.swift; path = customStackView.swift; sourceTree = "<group>"; };
/* End PBXFileReference section */

/* Begin PBXFrameworksBuildPhase section */
		1629866E229C2563001A5A7C /* Frameworks */ = {
			isa = PBXFrameworksBuildPhase;
			buildActionMask = 2147483647;
			files = (
			);
			runOnlyForDeploymentPostprocessing = 0;
		};
		16298682229C2566001A5A7C /* Frameworks */ = {
			isa = PBXFrameworksBuildPhase;
			buildActionMask = 2147483647;
			files = (
			);
			runOnlyForDeploymentPostprocessing = 0;
		};
/* End PBXFrameworksBuildPhase section */

/* Begin PBXGroup section */
		16298668229C2563001A5A7C = {
			isa = PBXGroup;
			children = (
				16298673229C2563001A5A7C /* metricConverterApp */,
				16298688229C2566001A5A7C /* metricConverterAppTests */,
				16298672229C2563001A5A7C /* Products */,
			);
			sourceTree = "<group>";
		};
		16298672229C2563001A5A7C /* Products */ = {
			isa = PBXGroup;
			children = (
				16298671229C2563001A5A7C /* metricConverterApp.app */,
				16298685229C2566001A5A7C /* metricConverterAppTests.xctest */,
			);
			name = Products;
			sourceTree = "<group>";
		};
		16298673229C2563001A5A7C /* metricConverterApp */ = {
			isa = PBXGroup;
			children = (
				16E34E3F229C6057006FC0DD /* Model */,
				16E34E3B229C5F64006FC0DD /* Controller */,
				16E34E37229C27FB006FC0DD /* Views */,
				16298674229C2563001A5A7C /* AppDelegate.swift */,
				16298678229C2563001A5A7C /* Main.storyboard */,
				1629867B229C2566001A5A7C /* Assets.xcassets */,
				1629867D229C2566001A5A7C /* LaunchScreen.storyboard */,
				16298680229C2566001A5A7C /* Info.plist */,
			);
			path = metricConverterApp;
			sourceTree = "<group>";
		};
		16298688229C2566001A5A7C /* metricConverterAppTests */ = {
			isa = PBXGroup;
			children = (
				16298689229C2566001A5A7C /* metricConverterAppTests.swift */,
				1629868B229C2566001A5A7C /* Info.plist */,
			);
			path = metricConverterAppTests;
			sourceTree = "<group>";
		};
		16E34E37229C27FB006FC0DD /* Views */ = {
			isa = PBXGroup;
			children = (
				16E34E38229C283A006FC0DD /* CustomBtn.swift */,
				16E34E49229CBD64006FC0DD /* customPickerView.swift */,
				16E34E4C229CBDB8006FC0DD /* customStackView.swift */,
			);
			path = Views;
			sourceTree = "<group>";
		};
		16E34E3B229C5F64006FC0DD /* Controller */ = {
			isa = PBXGroup;
			children = (
				16298676229C2563001A5A7C /* MainVC.swift */,
				16E34E3C229C5FAE006FC0DD /* convertVC.swift */,
				16E34E43229C6CB0006FC0DD /* findVolumeVC.swift */,
				16E34E46229C6D40006FC0DD /* findAreaVC.swift */,
			);
			path = Controller;
			sourceTree = "<group>";
		};
		16E34E3F229C6057006FC0DD /* Model */ = {
			isa = PBXGroup;
			children = (
				16E34E40229C6760006FC0DD /* userData.swift */,
			);
			path = Model;
			sourceTree = "<group>";
		};
/* End PBXGroup section */

/* Begin PBXNativeTarget section */
		16298670229C2563001A5A7C /* metricConverterApp */ = {
			isa = PBXNativeTarget;
			buildConfigurationList = 1629868E229C2566001A5A7C /* Build configuration list for PBXNativeTarget "metricConverterApp" */;
			buildPhases = (
				1629866D229C2563001A5A7C /* Sources */,
				1629866E229C2563001A5A7C /* Frameworks */,
				1629866F229C2563001A5A7C /* Resources */,
			);
			buildRules = (
			);
			dependencies = (
			);
			name = metricConverterApp;
			productName = metricConverterApp;
			productReference = 16298671229C2563001A5A7C /* metricConverterApp.app */;
			productType = "com.apple.product-type.application";
		};
		16298684229C2566001A5A7C /* metricConverterAppTests */ = {
			isa = PBXNativeTarget;
			buildConfigurationList = 16298691229C2566001A5A7C /* Build configuration list for PBXNativeTarget "metricConverterAppTests" */;
			buildPhases = (
				16298681229C2566001A5A7C /* Sources */,
				16298682229C2566001A5A7C /* Frameworks */,
				16298683229C2566001A5A7C /* Resources */,
			);
			buildRules = (
			);
			dependencies = (
				16298687229C2566001A5A7C /* PBXTargetDependency */,
			);
			name = metricConverterAppTests;
			productName = metricConverterAppTests;
			productReference = 16298685229C2566001A5A7C /* metricConverterAppTests.xctest */;
			productType = "com.apple.product-type.bundle.unit-test";
		};
/* End PBXNativeTarget section */

/* Begin PBXProject section */
		16298669229C2563001A5A7C /* Project object */ = {
			isa = PBXProject;
			attributes = {
				LastSwiftUpdateCheck = 1010;
				LastUpgradeCheck = 1010;
				ORGANIZATIONNAME = jacob;
				TargetAttributes = {
					16298670229C2563001A5A7C = {
						CreatedOnToolsVersion = 10.1;
					};
					16298684229C2566001A5A7C = {
						CreatedOnToolsVersion = 10.1;
						TestTargetID = 16298670229C2563001A5A7C;
					};
				};
			};
			buildConfigurationList = 1629866C229C2563001A5A7C /* Build configuration list for PBXProject "metricConverterApp" */;
			compatibilityVersion = "Xcode 9.3";
			developmentRegion = en;
			hasScannedForEncodings = 0;
			knownRegions = (
				en,
				Base,
			);
			mainGroup = 16298668229C2563001A5A7C;
			productRefGroup = 16298672229C2563001A5A7C /* Products */;
			projectDirPath = "";
			projectRoot = "";
			targets = (
				16298670229C2563001A5A7C /* metricConverterApp */,
				16298684229C2566001A5A7C /* metricConverterAppTests */,
			);
		};
/* End PBXProject section */

/* Begin PBXResourcesBuildPhase section */
		1629866F229C2563001A5A7C /* Resources */ = {
			isa = PBXResourcesBuildPhase;
			buildActionMask = 2147483647;
			files = (
				1629867F229C2566001A5A7C /* LaunchScreen.storyboard in Resources */,
				1629867C229C2566001A5A7C /* Assets.xcassets in Resources */,
				1629867A229C2563001A5A7C /* Main.storyboard in Resources */,
			);
			runOnlyForDeploymentPostprocessing = 0;
		};
		16298683229C2566001A5A7C /* Resources */ = {
			isa = PBXResourcesBuildPhase;
			buildActionMask = 2147483647;
			files = (
			);
			runOnlyForDeploymentPostprocessing = 0;
		};
/* End PBXResourcesBuildPhase section */

/* Begin PBXSourcesBuildPhase section */
		1629866D229C2563001A5A7C /* Sources */ = {
			isa = PBXSourcesBuildPhase;
			buildActionMask = 2147483647;
			files = (
				16E34E47229C6D40006FC0DD /* findAreaVC.swift in Sources */,
				16E34E3D229C5FAE006FC0DD /* convertVC.swift in Sources */,
				16E34E44229C6CB0006FC0DD /* findVolumeVC.swift in Sources */,
				16298677229C2563001A5A7C /* MainVC.swift in Sources */,
				16298675229C2563001A5A7C /* AppDelegate.swift in Sources */,
				16E34E4A229CBD64006FC0DD /* customPickerView.swift in Sources */,
				16E34E41229C6760006FC0DD /* userData.swift in Sources */,
				16E34E39229C283A006FC0DD /* CustomBtn.swift in Sources */,
				16E34E4D229CBDB8006FC0DD /* customStackView.swift in Sources */,
			);
			runOnlyForDeploymentPostprocessing = 0;
		};
		16298681229C2566001A5A7C /* Sources */ = {
			isa = PBXSourcesBuildPhase;
			buildActionMask = 2147483647;
			files = (
				1629868A229C2566001A5A7C /* metricConverterAppTests.swift in Sources */,
				16E34E3A229C283A006FC0DD /* CustomBtn.swift in Sources */,
				16E34E4B229CBD64006FC0DD /* customPickerView.swift in Sources */,
				16E34E45229C6CB0006FC0DD /* findVolumeVC.swift in Sources */,
				167C5D6A22AD62CD0005D04F /* MainVC.swift in Sources */,
				16E34E4E229CBDB8006FC0DD /* customStackView.swift in Sources */,
				16E34E42229C6760006FC0DD /* userData.swift in Sources */,
				16E34E48229C6D40006FC0DD /* findAreaVC.swift in Sources */,
				16E34E3E229C5FAE006FC0DD /* convertVC.swift in Sources */,
			);
			runOnlyForDeploymentPostprocessing = 0;
		};
/* End PBXSourcesBuildPhase section */

/* Begin PBXTargetDependency section */
		16298687229C2566001A5A7C /* PBXTargetDependency */ = {
			isa = PBXTargetDependency;
			target = 16298670229C2563001A5A7C /* metricConverterApp */;
			targetProxy = 16298686229C2566001A5A7C /* PBXContainerItemProxy */;
		};
/* End PBXTargetDependency section */

/* Begin PBXVariantGroup section */
		16298678229C2563001A5A7C /* Main.storyboard */ = {
			isa = PBXVariantGroup;
			children = (
				16298679229C2563001A5A7C /* Base */,
			);
			name = Main.storyboard;
			sourceTree = "<group>";
		};
		1629867D229C2566001A5A7C /* LaunchScreen.storyboard */ = {
			isa = PBXVariantGroup;
			children = (
				1629867E229C2566001A5A7C /* Base */,
			);
			name = LaunchScreen.storyboard;
			sourceTree = "<group>";
		};
/* End PBXVariantGroup section */

/* Begin XCBuildConfiguration section */
		1629868C229C2566001A5A7C /* Debug */ = {
			isa = XCBuildConfiguration;
			buildSettings = {
				ALWAYS_SEARCH_USER_PATHS = NO;
				CLANG_ANALYZER_NONNULL = YES;
				CLANG_ANALYZER_NUMBER_OBJECT_CONVERSION = YES_AGGRESSIVE;
				CLANG_CXX_LANGUAGE_STANDARD = "gnu++14";
				CLANG_CXX_LIBRARY = "libc++";
				CLANG_ENABLE_MODULES = YES;
				CLANG_ENABLE_OBJC_ARC = YES;
				CLANG_ENABLE_OBJC_WEAK = YES;
				CLANG_WARN_BLOCK_CAPTURE_AUTORELEASING = YES;
				CLANG_WARN_BOOL_CONVERSION = YES;
				CLANG_WARN_COMMA = YES;
				CLANG_WARN_CONSTANT_CONVERSION = YES;
				CLANG_WARN_DEPRECATED_OBJC_IMPLEMENTATIONS = YES;
				CLANG_WARN_DIRECT_OBJC_ISA_USAGE = YES_ERROR;
				CLANG_WARN_DOCUMENTATION_COMMENTS = YES;
				CLANG_WARN_EMPTY_BODY = YES;
				CLANG_WARN_ENUM_CONVERSION = YES;
				CLANG_WARN_INFINITE_RECURSION = YES;
				CLANG_WARN_INT_CONVERSION = YES;
				CLANG_WARN_NON_LITERAL_NULL_CONVERSION = YES;
				CLANG_WARN_OBJC_IMPLICIT_RETAIN_SELF = YES;
				CLANG_WARN_OBJC_LITERAL_CONVERSION = YES;
				CLANG_WARN_OBJC_ROOT_CLASS = YES_ERROR;
				CLANG_WARN_RANGE_LOOP_ANALYSIS = YES;
				CLANG_WARN_STRICT_PROTOTYPES = YES;
				CLANG_WARN_SUSPICIOUS_MOVE = YES;
				CLANG_WARN_UNGUARDED_AVAILABILITY = YES_AGGRESSIVE;
				CLANG_WARN_UNREACHABLE_CODE = YES;
				CLANG_WARN__DUPLICATE_METHOD_MATCH = YES;
				CODE_SIGN_IDENTITY = "iPhone Developer";
				COPY_PHASE_STRIP = NO;
				DEBUG_INFORMATION_FORMAT = dwarf;
				ENABLE_STRICT_OBJC_MSGSEND = YES;
				ENABLE_TESTABILITY = YES;
				GCC_C_LANGUAGE_STANDARD = gnu11;
				GCC_DYNAMIC_NO_PIC = NO;
				GCC_NO_COMMON_BLOCKS = YES;
				GCC_OPTIMIZATION_LEVEL = 0;
				GCC_PREPROCESSOR_DEFINITIONS = (
					"DEBUG=1",
					"$(inherited)",
				);
				GCC_WARN_64_TO_32_BIT_CONVERSION = YES;
				GCC_WARN_ABOUT_RETURN_TYPE = YES_ERROR;
				GCC_WARN_UNDECLARED_SELECTOR = YES;
				GCC_WARN_UNINITIALIZED_AUTOS = YES_AGGRESSIVE;
				GCC_WARN_UNUSED_FUNCTION = YES;
				GCC_WARN_UNUSED_VARIABLE = YES;
				IPHONEOS_DEPLOYMENT_TARGET = 12.1;
				MTL_ENABLE_DEBUG_INFO = INCLUDE_SOURCE;
				MTL_FAST_MATH = YES;
				ONLY_ACTIVE_ARCH = YES;
				SDKROOT = iphoneos;
				SWIFT_ACTIVE_COMPILATION_CONDITIONS = DEBUG;
				SWIFT_OPTIMIZATION_LEVEL = "-Onone";
			};
			name = Debug;
		};
		1629868D229C2566001A5A7C /* Release */ = {
			isa = XCBuildConfiguration;
			buildSettings = {
				ALWAYS_SEARCH_USER_PATHS = NO;
				CLANG_ANALYZER_NONNULL = YES;
				CLANG_ANALYZER_NUMBER_OBJECT_CONVERSION = YES_AGGRESSIVE;
				CLANG_CXX_LANGUAGE_STANDARD = "gnu++14";
				CLANG_CXX_LIBRARY = "libc++";
				CLANG_ENABLE_MODULES = YES;
				CLANG_ENABLE_OBJC_ARC = YES;
				CLANG_ENABLE_OBJC_WEAK = YES;
				CLANG_WARN_BLOCK_CAPTURE_AUTORELEASING = YES;
				CLANG_WARN_BOOL_CONVERSION = YES;
				CLANG_WARN_COMMA = YES;
				CLANG_WARN_CONSTANT_CONVERSION = YES;
				CLANG_WARN_DEPRECATED_OBJC_IMPLEMENTATIONS = YES;
				CLANG_WARN_DIRECT_OBJC_ISA_USAGE = YES_ERROR;
				CLANG_WARN_DOCUMENTATION_COMMENTS = YES;
				CLANG_WARN_EMPTY_BODY = YES;
				CLANG_WARN_ENUM_CONVERSION = YES;
				CLANG_WARN_INFINITE_RECURSION = YES;
				CLANG_WARN_INT_CONVERSION = YES;
				CLANG_WARN_NON_LITERAL_NULL_CONVERSION = YES;
				CLANG_WARN_OBJC_IMPLICIT_RETAIN_SELF = YES;
				CLANG_WARN_OBJC_LITERAL_CONVERSION = YES;
				CLANG_WARN_OBJC_ROOT_CLASS = YES_ERROR;
				CLANG_WARN_RANGE_LOOP_ANALYSIS = YES;
				CLANG_WARN_STRICT_PROTOTYPES = YES;
				CLANG_WARN_SUSPICIOUS_MOVE = YES;
				CLANG_WARN_UNGUARDED_AVAILABILITY = YES_AGGRESSIVE;
				CLANG_WARN_UNREACHABLE_CODE = YES;
				CLANG_WARN__DUPLICATE_METHOD_MATCH = YES;
				CODE_SIGN_IDENTITY = "iPhone Developer";
				COPY_PHASE_STRIP = NO;
				DEBUG_INFORMATION_FORMAT = "dwarf-with-dsym";
				ENABLE_NS_ASSERTIONS = NO;
				ENABLE_STRICT_OBJC_MSGSEND = YES;
				GCC_C_LANGUAGE_STANDARD = gnu11;
				GCC_NO_COMMON_BLOCKS = YES;
				GCC_WARN_64_TO_32_BIT_CONVERSION = YES;
				GCC_WARN_ABOUT_RETURN_TYPE = YES_ERROR;
				GCC_WARN_UNDECLARED_SELECTOR = YES;
				GCC_WARN_UNINITIALIZED_AUTOS = YES_AGGRESSIVE;
				GCC_WARN_UNUSED_FUNCTION = YES;
				GCC_WARN_UNUSED_VARIABLE = YES;
				IPHONEOS_DEPLOYMENT_TARGET = 12.1;
				MTL_ENABLE_DEBUG_INFO = NO;
				MTL_FAST_MATH = YES;
				SDKROOT = iphoneos;
				SWIFT_COMPILATION_MODE = wholemodule;
				SWIFT_OPTIMIZATION_LEVEL = "-O";
				VALIDATE_PRODUCT = YES;
			};
			name = Release;
		};
		1629868F229C2566001A5A7C /* Debug */ = {
			isa = XCBuildConfiguration;
			buildSettings = {
				ASSETCATALOG_COMPILER_APPICON_NAME = AppIcon;
				CODE_SIGN_STYLE = Automatic;
				DEVELOPMENT_TEAM = 4Q3R62GU9U;
				INFOPLIST_FILE = metricConverterApp/Info.plist;
				LD_RUNPATH_SEARCH_PATHS = (
					"$(inherited)",
					"@executable_path/Frameworks",
				);
				PRODUCT_BUNDLE_IDENTIFIER = OrgIdentifier.metricConverterApp;
				PRODUCT_NAME = "$(TARGET_NAME)";
				SWIFT_VERSION = 4.2;
				TARGETED_DEVICE_FAMILY = "1,2";
			};
			name = Debug;
		};
		16298690229C2566001A5A7C /* Release */ = {
			isa = XCBuildConfiguration;
			buildSettings = {
				ASSETCATALOG_COMPILER_APPICON_NAME = AppIcon;
				CODE_SIGN_STYLE = Automatic;
				DEVELOPMENT_TEAM = 4Q3R62GU9U;
				INFOPLIST_FILE = metricConverterApp/Info.plist;
				LD_RUNPATH_SEARCH_PATHS = (
					"$(inherited)",
					"@executable_path/Frameworks",
				);
				PRODUCT_BUNDLE_IDENTIFIER = OrgIdentifier.metricConverterApp;
				PRODUCT_NAME = "$(TARGET_NAME)";
				SWIFT_VERSION = 4.2;
				TARGETED_DEVICE_FAMILY = "1,2";
			};
			name = Release;
		};
		16298692229C2566001A5A7C /* Debug */ = {
			isa = XCBuildConfiguration;
			buildSettings = {
				ALWAYS_EMBED_SWIFT_STANDARD_LIBRARIES = YES;
				BUNDLE_LOADER = "$(TEST_HOST)";
				CODE_SIGN_STYLE = Automatic;
				DEVELOPMENT_TEAM = 4Q3R62GU9U;
				INFOPLIST_FILE = metricConverterAppTests/Info.plist;
				LD_RUNPATH_SEARCH_PATHS = (
					"$(inherited)",
					"@executable_path/Frameworks",
					"@loader_path/Frameworks",
				);
				PRODUCT_BUNDLE_IDENTIFIER = OrgIdentifier.metricConverterAppTests;
				PRODUCT_NAME = "$(TARGET_NAME)";
				SWIFT_VERSION = 4.2;
				TARGETED_DEVICE_FAMILY = "1,2";
				TEST_HOST = "$(BUILT_PRODUCTS_DIR)/metricConverterApp.app/metricConverterApp";
			};
			name = Debug;
		};
		16298693229C2566001A5A7C /* Release */ = {
			isa = XCBuildConfiguration;
			buildSettings = {
				ALWAYS_EMBED_SWIFT_STANDARD_LIBRARIES = YES;
				BUNDLE_LOADER = "$(TEST_HOST)";
				CODE_SIGN_STYLE = Automatic;
				DEVELOPMENT_TEAM = 4Q3R62GU9U;
				INFOPLIST_FILE = metricConverterAppTests/Info.plist;
				LD_RUNPATH_SEARCH_PATHS = (
					"$(inherited)",
					"@executable_path/Frameworks",
					"@loader_path/Frameworks",
				);
				PRODUCT_BUNDLE_IDENTIFIER = OrgIdentifier.metricConverterAppTests;
				PRODUCT_NAME = "$(TARGET_NAME)";
				SWIFT_VERSION = 4.2;
				TARGETED_DEVICE_FAMILY = "1,2";
				TEST_HOST = "$(BUILT_PRODUCTS_DIR)/metricConverterApp.app/metricConverterApp";
			};
			name = Release;
		};
/* End XCBuildConfiguration section */

/* Begin XCConfigurationList section */
		1629866C229C2563001A5A7C /* Build configuration list for PBXProject "metricConverterApp" */ = {
			isa = XCConfigurationList;
			buildConfigurations = (
				1629868C229C2566001A5A7C /* Debug */,
				1629868D229C2566001A5A7C /* Release */,
			);
			defaultConfigurationIsVisible = 0;
			defaultConfigurationName = Release;
		};
		1629868E229C2566001A5A7C /* Build configuration list for PBXNativeTarget "metricConverterApp" */ = {
			isa = XCConfigurationList;
			buildConfigurations = (
				1629868F229C2566001A5A7C /* Debug */,
				16298690229C2566001A5A7C /* Release */,
			);
			defaultConfigurationIsVisible = 0;
			defaultConfigurationName = Release;
		};
		16298691229C2566001A5A7C /* Build configuration list for PBXNativeTarget "metricConverterAppTests" */ = {
			isa = XCConfigurationList;
			buildConfigurations = (
				16298692229C2566001A5A7C /* Debug */,
				16298693229C2566001A5A7C /* Release */,
			);
			defaultConfigurationIsVisible = 0;
			defaultConfigurationName = Release;
		};
/* End XCConfigurationList section */
	};
	rootObject = 16298669229C2563001A5A7C /* Project object */;
}
